
Microsoft Visual Studio Solution File, Format Version 12.00
# Visual Studio Version 17
VisualStudioVersion = 17.12.35707.178 d17.12
MinimumVisualStudioVersion = 10.0.40219.1
Project("{FAE04EC0-301F-11D3-BF4B-00C04F79EFBC}") = "BugTicketingSystem", "BugTicketingSystem\BugTicketingSystem.csproj", "{70C5F9A9-5DF3-49C8-BB99-AB656C4CB1C5}"
EndProject
Project("{FAE04EC0-301F-11D3-BF4B-00C04F79EFBC}") = "BugTicketingSystem.BL", "BugTicketingSystem.BL\BugTicketingSystem.BL.csproj", "{246B8452-CAA7-4F62-8CAC-EFA0E43B2C7A}"
EndProject
Project("{FAE04EC0-301F-11D3-BF4B-00C04F79EFBC}") = "BugTicketingSystem.DAL", "BugTicketingSystem.DAL\BugTicketingSystem.DAL.csproj", "{962C0C4F-8205-4868-A19A-0C16DED07CFF}"
EndProject
Global
	GlobalSection(SolutionConfigurationPlatforms) = preSolution
		Debug|Any CPU = Debug|Any CPU
		Release|Any CPU = Release|Any CPU
	EndGlobalSection
	GlobalSection(ProjectConfigurationPlatforms) = postSolution
		{70C5F9A9-5DF3-49C8-BB99-AB656C4CB1C5}.Debug|Any CPU.ActiveCfg = Debug|Any CPU
		{70C5F9A9-5DF3-49C8-BB99-AB656C4CB1C5}.Debug|Any CPU.Build.0 = Debug|Any CPU
		{70C5F9A9-5DF3-49C8-BB99-AB656C4CB1C5}.Release|Any CPU.ActiveCfg = Release|Any CPU
		{70C5F9A9-5DF3-49C8-BB99-AB656C4CB1C5}.Release|Any CPU.Build.0 = Release|Any CPU
		{246B8452-CAA7-4F62-8CAC-EFA0E43B2C7A}.Debug|Any CPU.ActiveCfg = Debug|Any CPU
		{246B8452-CAA7-4F62-8CAC-EFA0E43B2C7A}.Debug|Any CPU.Build.0 = Debug|Any CPU
		{246B8452-CAA7-4F62-8CAC-EFA0E43B2C7A}.Release|Any CPU.ActiveCfg = Release|Any CPU
		{246B8452-CAA7-4F62-8CAC-EFA0E43B2C7A}.Release|Any CPU.Build.0 = Release|Any CPU
		{962C0C4F-8205-4868-A19A-0C16DED07CFF}.Debug|Any CPU.ActiveCfg = Debug|Any CPU
		{962C0C4F-8205-4868-A19A-0C16DED07CFF}.Debug|Any CPU.Build.0 = Debug|Any CPU
		{962C0C4F-8205-4868-A19A-0C16DED07CFF}.Release|Any CPU.ActiveCfg = Release|Any CPU
		{962C0C4F-8205-4868-A19A-0C16DED07CFF}.Release|Any CPU.Build.0 = Release|Any CPU
	EndGlobalSection
	GlobalSection(SolutionProperties) = preSolution
		HideSolutionNode = FALSE
	EndGlobalSection
EndGlobal
